// !$*UTF8*$!
{
	archiveVersion = 1;
	classes = {
	};
	objectVersion = 77;
	objects = {

/* Begin PBXContainerItemProxy section */
		1FB9AE092CFF3E52000DB0A0 /* PBXContainerItemProxy */ = {
			isa = PBXContainerItemProxy;
			containerPortal = 1FB9ADEE2CFF3E50000DB0A0 /* Project object */;
			proxyType = 1;
			remoteGlobalIDString = 1FB9ADF52CFF3E50000DB0A0;
			remoteInfo = "Informatik Stack";
		};
		1FB9AE132CFF3E52000DB0A0 /* PBXContainerItemProxy */ = {
			isa = PBXContainerItemProxy;
			containerPortal = 1FB9ADEE2CFF3E50000DB0A0 /* Project object */;
			proxyType = 1;
			remoteGlobalIDString = 1FB9ADF52CFF3E50000DB0A0;
			remoteInfo = "Informatik Stack";
		};
/* End PBXContainerItemProxy section */

/* Begin PBXFileReference section */
		1FB9ADF62CFF3E50000DB0A0 /* Learn Stack.app */ = {isa = PBXFileReference; explicitFileType = wrapper.application; includeInIndex = 0; path = "Learn Stack.app"; sourceTree = BUILT_PRODUCTS_DIR; };
		1FB9AE082CFF3E52000DB0A0 /* Learn StackTests.xctest */ = {isa = PBXFileReference; explicitFileType = wrapper.cfbundle; includeInIndex = 0; path = "Learn StackTests.xctest"; sourceTree = BUILT_PRODUCTS_DIR; };
		1FB9AE122CFF3E52000DB0A0 /* Learn StackUITests.xctest */ = {isa = PBXFileReference; explicitFileType = wrapper.cfbundle; includeInIndex = 0; path = "Learn StackUITests.xctest"; sourceTree = BUILT_PRODUCTS_DIR; };
/* End PBXFileReference section */

/* Begin PBXFileSystemSynchronizedRootGroup section */
		1FB9ADF82CFF3E50000DB0A0 /* Learn Stack */ = {
			isa = PBXFileSystemSynchronizedRootGroup;
			path = "Learn Stack";
			sourceTree = "<group>";
		};
		1FB9AE0B2CFF3E52000DB0A0 /* Learn StackTests */ = {
			isa = PBXFileSystemSynchronizedRootGroup;
			path = "Learn StackTests";
			sourceTree = "<group>";
		};
		1FB9AE152CFF3E52000DB0A0 /* Learn StackUITests */ = {
			isa = PBXFileSystemSynchronizedRootGroup;
			path = "Learn StackUITests";
			sourceTree = "<group>";
		};
/* End PBXFileSystemSynchronizedRootGroup section */

/* Begin PBXFrameworksBuildPhase section */
		1FB9ADF32CFF3E50000DB0A0 /* Frameworks */ = {
			isa = PBXFrameworksBuildPhase;
			buildActionMask = 2147483647;
			files = (
			);
			runOnlyForDeploymentPostprocessing = 0;
		};
		1FB9AE052CFF3E52000DB0A0 /* Frameworks */ = {
			isa = PBXFrameworksBuildPhase;
			buildActionMask = 2147483647;
			files = (
			);
			runOnlyForDeploymentPostprocessing = 0;
		};
		1FB9AE0F2CFF3E52000DB0A0 /* Frameworks */ = {
			isa = PBXFrameworksBuildPhase;
			buildActionMask = 2147483647;
			files = (
			);
			runOnlyForDeploymentPostprocessing = 0;
		};
/* End PBXFrameworksBuildPhase section */

/* Begin PBXGroup section */
		1FB9ADED2CFF3E50000DB0A0 = {
			isa = PBXGroup;
			children = (
				1FB9ADF82CFF3E50000DB0A0 /* Learn Stack */,
				1FB9AE0B2CFF3E52000DB0A0 /* Learn StackTests */,
				1FB9AE152CFF3E52000DB0A0 /* Learn StackUITests */,
				1FB9ADF72CFF3E50000DB0A0 /* Products */,
			);
			sourceTree = "<group>";
		};
		1FB9ADF72CFF3E50000DB0A0 /* Products */ = {
			isa = PBXGroup;
			children = (
				1FB9ADF62CFF3E50000DB0A0 /* Learn Stack.app */,
				1FB9AE082CFF3E52000DB0A0 /* Learn StackTests.xctest */,
				1FB9AE122CFF3E52000DB0A0 /* Learn StackUITests.xctest */,
			);
			name = Products;
			sourceTree = "<group>";
		};
/* End PBXGroup section */

/* Begin PBXNativeTarget section */
		1FB9ADF52CFF3E50000DB0A0 /* Learn Stack */ = {
			isa = PBXNativeTarget;
			buildConfigurationList = 1FB9AE1C2CFF3E52000DB0A0 /* Build configuration list for PBXNativeTarget "Learn Stack" */;
			buildPhases = (
				1FB9ADF22CFF3E50000DB0A0 /* Sources */,
				1FB9ADF32CFF3E50000DB0A0 /* Frameworks */,
				1FB9ADF42CFF3E50000DB0A0 /* Resources */,
			);
			buildRules = (
			);
			dependencies = (
			);
			fileSystemSynchronizedGroups = (
				1FB9ADF82CFF3E50000DB0A0 /* Learn Stack */,
			);
			name = "Learn Stack";
			packageProductDependencies = (
			);
			productName = "Informatik Stack";
			productReference = 1FB9ADF62CFF3E50000DB0A0 /* Learn Stack.app */;
			productType = "com.apple.product-type.application";
		};
		1FB9AE072CFF3E52000DB0A0 /* Learn StackTests */ = {
			isa = PBXNativeTarget;
			buildConfigurationList = 1FB9AE1F2CFF3E52000DB0A0 /* Build configuration list for PBXNativeTarget "Learn StackTests" */;
			buildPhases = (
				1FB9AE042CFF3E52000DB0A0 /* Sources */,
				1FB9AE052CFF3E52000DB0A0 /* Frameworks */,
				1FB9AE062CFF3E52000DB0A0 /* Resources */,
			);
			buildRules = (
			);
			dependencies = (
				1FB9AE0A2CFF3E52000DB0A0 /* PBXTargetDependency */,
			);
			fileSystemSynchronizedGroups = (
				1FB9AE0B2CFF3E52000DB0A0 /* Learn StackTests */,
			);
			name = "Learn StackTests";
			packageProductDependencies = (
			);
			productName = "Informatik StackTests";
			productReference = 1FB9AE082CFF3E52000DB0A0 /* Learn StackTests.xctest */;
			productType = "com.apple.product-type.bundle.unit-test";
		};
		1FB9AE112CFF3E52000DB0A0 /* Learn StackUITests */ = {
			isa = PBXNativeTarget;
			buildConfigurationList = 1FB9AE222CFF3E52000DB0A0 /* Build configuration list for PBXNativeTarget "Learn StackUITests" */;
			buildPhases = (
				1FB9AE0E2CFF3E52000DB0A0 /* Sources */,
				1FB9AE0F2CFF3E52000DB0A0 /* Frameworks */,
				1FB9AE102CFF3E52000DB0A0 /* Resources */,
			);
			buildRules = (
			);
			dependencies = (
				1FB9AE142CFF3E52000DB0A0 /* PBXTargetDependency */,
			);
			fileSystemSynchronizedGroups = (
				1FB9AE152CFF3E52000DB0A0 /* Learn StackUITests */,
			);
			name = "Learn StackUITests";
			packageProductDependencies = (
			);
			productName = "Informatik StackUITests";
			productReference = 1FB9AE122CFF3E52000DB0A0 /* Learn StackUITests.xctest */;
			productType = "com.apple.product-type.bundle.ui-testing";
		};
/* End PBXNativeTarget section */

/* Begin PBXProject section */
		1FB9ADEE2CFF3E50000DB0A0 /* Project object */ = {
			isa = PBXProject;
			attributes = {
				BuildIndependentTargetsInParallel = 1;
				LastSwiftUpdateCheck = 1610;
				LastUpgradeCheck = 1610;
				TargetAttributes = {
					1FB9ADF52CFF3E50000DB0A0 = {
						CreatedOnToolsVersion = 16.1;
					};
					1FB9AE072CFF3E52000DB0A0 = {
						CreatedOnToolsVersion = 16.1;
						TestTargetID = 1FB9ADF52CFF3E50000DB0A0;
					};
					1FB9AE112CFF3E52000DB0A0 = {
						CreatedOnToolsVersion = 16.1;
						TestTargetID = 1FB9ADF52CFF3E50000DB0A0;
					};
				};
			};
			buildConfigurationList = 1FB9ADF12CFF3E50000DB0A0 /* Build configuration list for PBXProject "Learn Stack" */;
			developmentRegion = en;
			hasScannedForEncodings = 0;
			knownRegions = (
				en,
				Base,
			);
			mainGroup = 1FB9ADED2CFF3E50000DB0A0;
			minimizedProjectReferenceProxies = 1;
			preferredProjectObjectVersion = 77;
			productRefGroup = 1FB9ADF72CFF3E50000DB0A0 /* Products */;
			projectDirPath = "";
			projectRoot = "";
			targets = (
				1FB9ADF52CFF3E50000DB0A0 /* Learn Stack */,
				1FB9AE072CFF3E52000DB0A0 /* Learn StackTests */,
				1FB9AE112CFF3E52000DB0A0 /* Learn StackUITests */,
			);
		};
/* End PBXProject section */

/* Begin PBXResourcesBuildPhase section */
		1FB9ADF42CFF3E50000DB0A0 /* Resources */ = {
			isa = PBXResourcesBuildPhase;
			buildActionMask = 2147483647;
			files = (
			);
			runOnlyForDeploymentPostprocessing = 0;
		};
		1FB9AE062CFF3E52000DB0A0 /* Resources */ = {
			isa = PBXResourcesBuildPhase;
			buildActionMask = 2147483647;
			files = (
			);
			runOnlyForDeploymentPostprocessing = 0;
		};
		1FB9AE102CFF3E52000DB0A0 /* Resources */ = {
			isa = PBXResourcesBuildPhase;
			buildActionMask = 2147483647;
			files = (
			);
			runOnlyForDeploymentPostprocessing = 0;
		};
/* End PBXResourcesBuildPhase section */

/* Begin PBXSourcesBuildPhase section */
		1FB9ADF22CFF3E50000DB0A0 /* Sources */ = {
			isa = PBXSourcesBuildPhase;
			buildActionMask = 2147483647;
			files = (
			);
			runOnlyForDeploymentPostprocessing = 0;
		};
		1FB9AE042CFF3E52000DB0A0 /* Sources */ = {
			isa = PBXSourcesBuildPhase;
			buildActionMask = 2147483647;
			files = (
			);
			runOnlyForDeploymentPostprocessing = 0;
		};
		1FB9AE0E2CFF3E52000DB0A0 /* Sources */ = {
			isa = PBXSourcesBuildPhase;
			buildActionMask = 2147483647;
			files = (
			);
			runOnlyForDeploymentPostprocessing = 0;
		};
/* End PBXSourcesBuildPhase section */

/* Begin PBXTargetDependency section */
		1FB9AE0A2CFF3E52000DB0A0 /* PBXTargetDependency */ = {
			isa = PBXTargetDependency;
			target = 1FB9ADF52CFF3E50000DB0A0 /* Learn Stack */;
			targetProxy = 1FB9AE092CFF3E52000DB0A0 /* PBXContainerItemProxy */;
		};
		1FB9AE142CFF3E52000DB0A0 /* PBXTargetDependency */ = {
			isa = PBXTargetDependency;
			target = 1FB9ADF52CFF3E50000DB0A0 /* Learn Stack */;
			targetProxy = 1FB9AE132CFF3E52000DB0A0 /* PBXContainerItemProxy */;
		};
/* End PBXTargetDependency section */

/* Begin XCBuildConfiguration section */
		1FB9AE1A2CFF3E52000DB0A0 /* Debug */ = {
			isa = XCBuildConfiguration;
			buildSettings = {
				ALWAYS_SEARCH_USER_PATHS = NO;
				ASSETCATALOG_COMPILER_GENERATE_SWIFT_ASSET_SYMBOL_EXTENSIONS = YES;
				CLANG_ANALYZER_NONNULL = YES;
				CLANG_ANALYZER_NUMBER_OBJECT_CONVERSION = YES_AGGRESSIVE;
				CLANG_CXX_LANGUAGE_STANDARD = "gnu++20";
				CLANG_ENABLE_MODULES = YES;
				CLANG_ENABLE_OBJC_ARC = YES;
				CLANG_ENABLE_OBJC_WEAK = YES;
				CLANG_WARN_BLOCK_CAPTURE_AUTORELEASING = YES;
				CLANG_WARN_BOOL_CONVERSION = YES;
				CLANG_WARN_COMMA = YES;
				CLANG_WARN_CONSTANT_CONVERSION = YES;
				CLANG_WARN_DEPRECATED_OBJC_IMPLEMENTATIONS = YES;
				CLANG_WARN_DIRECT_OBJC_ISA_USAGE = YES_ERROR;
				CLANG_WARN_DOCUMENTATION_COMMENTS = YES;
				CLANG_WARN_EMPTY_BODY = YES;
				CLANG_WARN_ENUM_CONVERSION = YES;
				CLANG_WARN_INFINITE_RECURSION = YES;
				CLANG_WARN_INT_CONVERSION = YES;
				CLANG_WARN_NON_LITERAL_NULL_CONVERSION = YES;
				CLANG_WARN_OBJC_IMPLICIT_RETAIN_SELF = YES;
				CLANG_WARN_OBJC_LITERAL_CONVERSION = YES;
				CLANG_WARN_OBJC_ROOT_CLASS = YES_ERROR;
				CLANG_WARN_QUOTED_INCLUDE_IN_FRAMEWORK_HEADER = YES;
				CLANG_WARN_RANGE_LOOP_ANALYSIS = YES;
				CLANG_WARN_STRICT_PROTOTYPES = YES;
				CLANG_WARN_SUSPICIOUS_MOVE = YES;
				CLANG_WARN_UNGUARDED_AVAILABILITY = YES_AGGRESSIVE;
				CLANG_WARN_UNREACHABLE_CODE = YES;
				CLANG_WARN__DUPLICATE_METHOD_MATCH = YES;
				COPY_PHASE_STRIP = NO;
				DEBUG_INFORMATION_FORMAT = dwarf;
				ENABLE_STRICT_OBJC_MSGSEND = YES;
				ENABLE_TESTABILITY = YES;
				ENABLE_USER_SCRIPT_SANDBOXING = YES;
				GCC_C_LANGUAGE_STANDARD = gnu17;
				GCC_DYNAMIC_NO_PIC = NO;
				GCC_NO_COMMON_BLOCKS = YES;
				GCC_OPTIMIZATION_LEVEL = 0;
				GCC_PREPROCESSOR_DEFINITIONS = (
					"DEBUG=1",
					"$(inherited)",
				);
				GCC_WARN_64_TO_32_BIT_CONVERSION = YES;
				GCC_WARN_ABOUT_RETURN_TYPE = YES_ERROR;
				GCC_WARN_UNDECLARED_SELECTOR = YES;
				GCC_WARN_UNINITIALIZED_AUTOS = YES_AGGRESSIVE;
				GCC_WARN_UNUSED_FUNCTION = YES;
				GCC_WARN_UNUSED_VARIABLE = YES;
				IPHONEOS_DEPLOYMENT_TARGET = 18.1;
				LOCALIZATION_PREFERS_STRING_CATALOGS = YES;
				MTL_ENABLE_DEBUG_INFO = INCLUDE_SOURCE;
				MTL_FAST_MATH = YES;
				ONLY_ACTIVE_ARCH = YES;
				SDKROOT = iphoneos;
				SWIFT_ACTIVE_COMPILATION_CONDITIONS = "DEBUG $(inherited)";
				SWIFT_OPTIMIZATION_LEVEL = "-Onone";
			};
			name = Debug;
		};
		1FB9AE1B2CFF3E52000DB0A0 /* Release */ = {
			isa = XCBuildConfiguration;
			buildSettings = {
				ALWAYS_SEARCH_USER_PATHS = NO;
				ASSETCATALOG_COMPILER_GENERATE_SWIFT_ASSET_SYMBOL_EXTENSIONS = YES;
				CLANG_ANALYZER_NONNULL = YES;
				CLANG_ANALYZER_NUMBER_OBJECT_CONVERSION = YES_AGGRESSIVE;
				CLANG_CXX_LANGUAGE_STANDARD = "gnu++20";
				CLANG_ENABLE_MODULES = YES;
				CLANG_ENABLE_OBJC_ARC = YES;
				CLANG_ENABLE_OBJC_WEAK = YES;
				CLANG_WARN_BLOCK_CAPTURE_AUTORELEASING = YES;
				CLANG_WARN_BOOL_CONVERSION = YES;
				CLANG_WARN_COMMA = YES;
				CLANG_WARN_CONSTANT_CONVERSION = YES;
				CLANG_WARN_DEPRECATED_OBJC_IMPLEMENTATIONS = YES;
				CLANG_WARN_DIRECT_OBJC_ISA_USAGE = YES_ERROR;
				CLANG_WARN_DOCUMENTATION_COMMENTS = YES;
				CLANG_WARN_EMPTY_BODY = YES;
				CLANG_WARN_ENUM_CONVERSION = YES;
				CLANG_WARN_INFINITE_RECURSION = YES;
				CLANG_WARN_INT_CONVERSION = YES;
				CLANG_WARN_NON_LITERAL_NULL_CONVERSION = YES;
				CLANG_WARN_OBJC_IMPLICIT_RETAIN_SELF = YES;
				CLANG_WARN_OBJC_LITERAL_CONVERSION = YES;
				CLANG_WARN_OBJC_ROOT_CLASS = YES_ERROR;
				CLANG_WARN_QUOTED_INCLUDE_IN_FRAMEWORK_HEADER = YES;
				CLANG_WARN_RANGE_LOOP_ANALYSIS = YES;
				CLANG_WARN_STRICT_PROTOTYPES = YES;
				CLANG_WARN_SUSPICIOUS_MOVE = YES;
				CLANG_WARN_UNGUARDED_AVAILABILITY = YES_AGGRESSIVE;
				CLANG_WARN_UNREACHABLE_CODE = YES;
				CLANG_WARN__DUPLICATE_METHOD_MATCH = YES;
				COPY_PHASE_STRIP = NO;
				DEBUG_INFORMATION_FORMAT = "dwarf-with-dsym";
				ENABLE_NS_ASSERTIONS = NO;
				ENABLE_STRICT_OBJC_MSGSEND = YES;
				ENABLE_USER_SCRIPT_SANDBOXING = YES;
				GCC_C_LANGUAGE_STANDARD = gnu17;
				GCC_NO_COMMON_BLOCKS = YES;
				GCC_WARN_64_TO_32_BIT_CONVERSION = YES;
				GCC_WARN_ABOUT_RETURN_TYPE = YES_ERROR;
				GCC_WARN_UNDECLARED_SELECTOR = YES;
				GCC_WARN_UNINITIALIZED_AUTOS = YES_AGGRESSIVE;
				GCC_WARN_UNUSED_FUNCTION = YES;
				GCC_WARN_UNUSED_VARIABLE = YES;
				IPHONEOS_DEPLOYMENT_TARGET = 18.1;
				LOCALIZATION_PREFERS_STRING_CATALOGS = YES;
				MTL_ENABLE_DEBUG_INFO = NO;
				MTL_FAST_MATH = YES;
				SDKROOT = iphoneos;
				SWIFT_COMPILATION_MODE = wholemodule;
				VALIDATE_PRODUCT = YES;
			};
			name = Release;
		};
		1FB9AE1D2CFF3E52000DB0A0 /* Debug */ = {
			isa = XCBuildConfiguration;
			buildSettings = {
				ASSETCATALOG_COMPILER_APPICON_NAME = AppIcon;
				ASSETCATALOG_COMPILER_GLOBAL_ACCENT_COLOR_NAME = AccentColor;
				CODE_SIGN_STYLE = Automatic;
				CURRENT_PROJECT_VERSION = 1;
				DEVELOPMENT_ASSET_PATHS = "\"Informatik Stack/Preview Content\"";
				DEVELOPMENT_TEAM = YM5QKJM3F3;
				ENABLE_PREVIEWS = YES;
				GENERATE_INFOPLIST_FILE = YES;
				INFOPLIST_KEY_CFBundleDisplayName = "Learn Stack";
				INFOPLIST_KEY_LSApplicationCategoryType = "public.app-category.education";
				INFOPLIST_KEY_UIApplicationSceneManifest_Generation = YES;
				INFOPLIST_KEY_UIApplicationSupportsIndirectInputEvents = YES;
				INFOPLIST_KEY_UILaunchScreen_Generation = YES;
				INFOPLIST_KEY_UISupportedInterfaceOrientations_iPad = "UIInterfaceOrientationPortrait UIInterfaceOrientationPortraitUpsideDown UIInterfaceOrientationLandscapeLeft UIInterfaceOrientationLandscapeRight";
				INFOPLIST_KEY_UISupportedInterfaceOrientations_iPhone = "UIInterfaceOrientationPortrait UIInterfaceOrientationLandscapeLeft UIInterfaceOrientationLandscapeRight";
				LD_RUNPATH_SEARCH_PATHS = (
					"$(inherited)",
					"@executable_path/Frameworks",
				);
				MARKETING_VERSION = 1.0;
				PRODUCT_BUNDLE_IDENTIFIER = "Fabian.Learn-Stack";
				PRODUCT_NAME = "$(TARGET_NAME)";
				SWIFT_EMIT_LOC_STRINGS = YES;
				SWIFT_VERSION = 5.0;
				TARGETED_DEVICE_FAMILY = "1,2";
			};
			name = Debug;
		};
		1FB9AE1E2CFF3E52000DB0A0 /* Release */ = {
			isa = XCBuildConfiguration;
			buildSettings = {
				ASSETCATALOG_COMPILER_APPICON_NAME = AppIcon;
				ASSETCATALOG_COMPILER_GLOBAL_ACCENT_COLOR_NAME = AccentColor;
				CODE_SIGN_STYLE = Automatic;
				CURRENT_PROJECT_VERSION = 1;
				DEVELOPMENT_ASSET_PATHS = "\"Informatik Stack/Preview Content\"";
				DEVELOPMENT_TEAM = YM5QKJM3F3;
				ENABLE_PREVIEWS = YES;
				GENERATE_INFOPLIST_FILE = YES;
				INFOPLIST_KEY_CFBundleDisplayName = "Learn Stack";
				INFOPLIST_KEY_LSApplicationCategoryType = "public.app-category.education";
				INFOPLIST_KEY_UIApplicationSceneManifest_Generation = YES;
				INFOPLIST_KEY_UIApplicationSupportsIndirectInputEvents = YES;
				INFOPLIST_KEY_UILaunchScreen_Generation = YES;
				INFOPLIST_KEY_UISupportedInterfaceOrientations_iPad = "UIInterfaceOrientationPortrait UIInterfaceOrientationPortraitUpsideDown UIInterfaceOrientationLandscapeLeft UIInterfaceOrientationLandscapeRight";
				INFOPLIST_KEY_UISupportedInterfaceOrientations_iPhone = "UIInterfaceOrientationPortrait UIInterfaceOrientationLandscapeLeft UIInterfaceOrientationLandscapeRight";
				LD_RUNPATH_SEARCH_PATHS = (
					"$(inherited)",
					"@executable_path/Frameworks",
				);
				MARKETING_VERSION = 1.0;
				PRODUCT_BUNDLE_IDENTIFIER = "Fabian.Learn-Stack";
				PRODUCT_NAME = "$(TARGET_NAME)";
				SWIFT_EMIT_LOC_STRINGS = YES;
				SWIFT_VERSION = 5.0;
				TARGETED_DEVICE_FAMILY = "1,2";
			};
			name = Release;
		};
		1FB9AE202CFF3E52000DB0A0 /* Debug */ = {
			isa = XCBuildConfiguration;
			buildSettings = {
				BUNDLE_LOADER = "$(TEST_HOST)";
				CODE_SIGN_STYLE = Automatic;
				CURRENT_PROJECT_VERSION = 1;
				DEVELOPMENT_TEAM = YM5QKJM3F3;
				GENERATE_INFOPLIST_FILE = YES;
				IPHONEOS_DEPLOYMENT_TARGET = 18.1;
				MARKETING_VERSION = 1.0;
				PRODUCT_BUNDLE_IDENTIFIER = "Fabian.Informatik-StackTests";
				PRODUCT_NAME = "$(TARGET_NAME)";
				SWIFT_EMIT_LOC_STRINGS = NO;
				SWIFT_VERSION = 5.0;
				TARGETED_DEVICE_FAMILY = "1,2";
				TEST_HOST = "$(BUILT_PRODUCTS_DIR)/Learn Stack.app/$(BUNDLE_EXECUTABLE_FOLDER_PATH)/Learn Stack";
			};
			name = Debug;
		};
		1FB9AE212CFF3E52000DB0A0 /* Release */ = {
			isa = XCBuildConfiguration;
			buildSettings = {
				BUNDLE_LOADER = "$(TEST_HOST)";
				CODE_SIGN_STYLE = Automatic;
				CURRENT_PROJECT_VERSION = 1;
				DEVELOPMENT_TEAM = YM5QKJM3F3;
				GENERATE_INFOPLIST_FILE = YES;
				IPHONEOS_DEPLOYMENT_TARGET = 18.1;
				MARKETING_VERSION = 1.0;
				PRODUCT_BUNDLE_IDENTIFIER = "Fabian.Informatik-StackTests";
				PRODUCT_NAME = "$(TARGET_NAME)";
				SWIFT_EMIT_LOC_STRINGS = NO;
				SWIFT_VERSION = 5.0;
				TARGETED_DEVICE_FAMILY = "1,2";
				TEST_HOST = "$(BUILT_PRODUCTS_DIR)/Learn Stack.app/$(BUNDLE_EXECUTABLE_FOLDER_PATH)/Learn Stack";
			};
			name = Release;
		};
		1FB9AE232CFF3E52000DB0A0 /* Debug */ = {
			isa = XCBuildConfiguration;
			buildSettings = {
				CODE_SIGN_STYLE = Automatic;
				CURRENT_PROJECT_VERSION = 1;
				DEVELOPMENT_TEAM = YM5QKJM3F3;
				GENERATE_INFOPLIST_FILE = YES;
				MARKETING_VERSION = 1.0;
				PRODUCT_BUNDLE_IDENTIFIER = "Fabian.Informatik-StackUITests";
				PRODUCT_NAME = "$(TARGET_NAME)";
				SWIFT_EMIT_LOC_STRINGS = NO;
				SWIFT_VERSION = 5.0;
				TARGETED_DEVICE_FAMILY = "1,2";
				TEST_TARGET_NAME = "Informatik Stack";
			};
			name = Debug;
		};
		1FB9AE242CFF3E52000DB0A0 /* Release */ = {
			isa = XCBuildConfiguration;
			buildSettings = {
				CODE_SIGN_STYLE = Automatic;
				CURRENT_PROJECT_VERSION = 1;
				DEVELOPMENT_TEAM = YM5QKJM3F3;
				GENERATE_INFOPLIST_FILE = YES;
				MARKETING_VERSION = 1.0;
				PRODUCT_BUNDLE_IDENTIFIER = "Fabian.Informatik-StackUITests";
				PRODUCT_NAME = "$(TARGET_NAME)";
				SWIFT_EMIT_LOC_STRINGS = NO;
				SWIFT_VERSION = 5.0;
				TARGETED_DEVICE_FAMILY = "1,2";
				TEST_TARGET_NAME = "Informatik Stack";
			};
			name = Release;
		};
/* End XCBuildConfiguration section */

/* Begin XCConfigurationList section */
		1FB9ADF12CFF3E50000DB0A0 /* Build configuration list for PBXProject "Learn Stack" */ = {
			isa = XCConfigurationList;
			buildConfigurations = (
				1FB9AE1A2CFF3E52000DB0A0 /* Debug */,
				1FB9AE1B2CFF3E52000DB0A0 /* Release */,
			);
			defaultConfigurationIsVisible = 0;
			defaultConfigurationName = Release;
		};
		1FB9AE1C2CFF3E52000DB0A0 /* Build configuration list for PBXNativeTarget "Learn Stack" */ = {
			isa = XCConfigurationList;
			buildConfigurations = (
				1FB9AE1D2CFF3E52000DB0A0 /* Debug */,
				1FB9AE1E2CFF3E52000DB0A0 /* Release */,
			);
			defaultConfigurationIsVisible = 0;
			defaultConfigurationName = Release;
		};
		1FB9AE1F2CFF3E52000DB0A0 /* Build configuration list for PBXNativeTarget "Learn StackTests" */ = {
			isa = XCConfigurationList;
			buildConfigurations = (
				1FB9AE202CFF3E52000DB0A0 /* Debug */,
				1FB9AE212CFF3E52000DB0A0 /* Release */,
			);
			defaultConfigurationIsVisible = 0;
			defaultConfigurationName = Release;
		};
		1FB9AE222CFF3E52000DB0A0 /* Build configuration list for PBXNativeTarget "Learn StackUITests" */ = {
			isa = XCConfigurationList;
			buildConfigurations = (
				1FB9AE232CFF3E52000DB0A0 /* Debug */,
				1FB9AE242CFF3E52000DB0A0 /* Release */,
			);
			defaultConfigurationIsVisible = 0;
			defaultConfigurationName = Release;
		};
/* End XCConfigurationList section */
	};
	rootObject = 1FB9ADEE2CFF3E50000DB0A0 /* Project object */;
}
